Deprecated==1.2.14
MarkupSafe==2.1.3
PyGithub==2.1.1
PyYAML==6.0.1
absl-py==2.0.0
afdko==4.0.0
argparse==1.4.0
arrrgs==2.0.0
attrs==23.1.0
axisregistry==0.4.5
babelfont==3.0.1
beautifulsoup4==4.12.2
beziers==0.5.0
brotli==1.1.0
bump2version==1.0.1
bumpfontversion==0.4.1
cattrs==23.2.3
certifi==2023.11.17
cffi==1.16.0
charset-normalizer==3.3.2
click==8.1.7
cmarkgfm==2022.10.27
colorlog==6.8.0
cryptography==41.0.7
defcon==0.10.3
exceptiongroup==1.2.0
font-v==2.1.0
fontFeatures==1.8.0
fontMath==0.9.3
fontParts==0.12.1
fontTools==4.46.0
fontbakery==0.10.3
fontmake==3.7.1
freetype-py==2.3.0
gflanguages==0.5.12
gftools==0.9.35
gitdb==4.0.11
gitpython==3.1.40
glyphsLib==6.6.0
glyphsets==0.6.6
hyperglot==0.4.5
idna==3.6
jinja2==3.1.2
lxml==4.9.3
markdown-it-py==3.0.0
mdurl==0.1.2
munkres==1.1.4
mutatorMath==3.0.1
nanoemoji==0.15.1
ninja==1.11.1.1
opentype-sanitizer==9.1.0
opentypespec==1.9.1
orjson==3.9.10
packaging==23.2
picosvg==0.22.1
pillow==10.1.0
pip-api==0.0.30
pngquant-cli==2.17.0.post5
protobuf==3.20.3
psautohint==2.4.0
pycparser==2.21
pygit2==1.13.3
pygments==2.17.2
pyjwt==2.8.0
pynacl==1.5.0
pyparsing==3.1.1
python-dateutil==2.8.2
regex==2023.10.3
requests==2.31.0
resvg-cli==0.22.0.post3
rich==13.7.0
smmap==5.0.1
soupsieve==2.5
statmake==0.6.0
strictyaml==1.7.3
tabulate==0.9.0
toml==0.10.2
tqdm==4.66.1
ttfautohint-py==0.5.1
typing-extensions==4.8.0
ufo2ft==2.33.4
ufoLib2==0.16.0
ufoProcessor==1.9.0
uharfbuzz==0.37.3
unicodedata2==15.1.0
unidecode==1.3.7
urllib3==2.1.0
vharfbuzz==0.2.0
vttlib==0.12.0
wrapt==1.16.0
zopfli==0.2.3
